PODS:
  - Alamofire (4.5.0)
  - ASPVideoPlayer (2.0.2)
  - EAIntroView (2.12.0):
    - EARestrictedScrollView (~> 1.1.0)
  - EARestrictedScrollView (1.1.0)
  - Google-Mobile-Ads-SDK (7.27.0)
  - SCLAlertView (0.7.0)
  - SDWebImage (4.1.0):
    - SDWebImage/Core (= 4.1.0)
  - SDWebImage/Core (4.1.0)
  - SideMenuController (0.2.4)
  - SVProgressHUD (2.2.2)

DEPENDENCIES:
  - Alamofire
  - ASPVideoPlayer (~> 2.0.2)
  - EAIntroView
  - Google-Mobile-Ads-SDK
  - SCLAlertView
  - SDWebImage (~> 4.0)
  - SideMenuController
  - SVProgressHUD

SPEC CHECKSUMS:
  Alamofire: f28cdffd29de33a7bfa022cbd63ae95a27fae140
  ASPVideoPlayer: fcfac6d210fff1cb5a43266caffe83957f01410b
  EAIntroView: 249559079ddfdbe80e5bcb755c04c3b964b2ac27
  EARestrictedScrollView: b0c2a3f92fb2610bb44d71c5e4893777c89e45ef
  Google-Mobile-Ads-SDK: 83f7f890e638ce8f1debd440ea363338c9f6be3b
  SCLAlertView: 8a14ffc40590c619e183eed2298b854385f30be1
  SDWebImage: 0e435c14e402a6730315a0fb79f95e68654d55a4
  SideMenuController: b463d2b3aa58e2afe57f57a07938fa9a647894ca
  SVProgressHUD: 59b2d3dabacbd051576d21d32293ca7228dc18b0

PODFILE CHECKSUM: 8edb01be207adc8ad36cc12f4fb81322d5d6ddd3

COCOAPODS: 1.3.1
