// !$*UTF8*$!
{
	archiveVersion = 1;
	classes = {
	};
	objectVersion = 48;
	objects = {

/* Begin PBXBuildFile section */
		1FB5D04B33CD43263F9A1B24 /* Pods_PrivyPlayerUITests.framework in Frameworks */ = {isa = PBXBuildFile; fileRef = 28F200A11D0476DF7ED3FFD4 /* Pods_PrivyPlayerUITests.framework */; };
		2F1540651FDAB69A005519EC /* Main.storyboard in Resources */ = {isa = PBXBuildFile; fileRef = 2F1540641FDAB69A005519EC /* Main.storyboard */; };
		2F1540671FDE46F3005519EC /* HomeTableViewController.swift in Sources */ = {isa = PBXBuildFile; fileRef = 2F1540661FDE46F3005519EC /* HomeTableViewController.swift */; };
		2F1540691FDE4790005519EC /* Helpers.swift in Sources */ = {isa = PBXBuildFile; fileRef = 2F1540681FDE4790005519EC /* Helpers.swift */; };
		2F15406B1FDE479B005519EC /* TableViewCell.swift in Sources */ = {isa = PBXBuildFile; fileRef = 2F15406A1FDE479B005519EC /* TableViewCell.swift */; };
		2F15406D1FDE6AB7005519EC /* SignInViewController.swift in Sources */ = {isa = PBXBuildFile; fileRef = 2F15406C1FDE6AB7005519EC /* SignInViewController.swift */; };
		2F15406F1FDE6ACB005519EC /* SignUpViewController.swift in Sources */ = {isa = PBXBuildFile; fileRef = 2F15406E1FDE6ACB005519EC /* SignUpViewController.swift */; };
		2F1540711FDE6AE0005519EC /* Auth.storyboard in Resources */ = {isa = PBXBuildFile; fileRef = 2F1540701FDE6AE0005519EC /* Auth.storyboard */; };
		2F1815741FE101EC00EDD682 /* SearchViewController.swift in Sources */ = {isa = PBXBuildFile; fileRef = 2F1815731FE101EC00EDD682 /* SearchViewController.swift */; };
		2F1815771FE13A0D00EDD682 /* SCLAlertView.framework in Frameworks */ = {isa = PBXBuildFile; fileRef = 2F1815781FE13A0D00EDD682 /* SCLAlertView.framework */; };
		2F18157A1FE14A2900EDD682 /* VideoCollectionViewCell.swift in Sources */ = {isa = PBXBuildFile; fileRef = 2F1815791FE14A2900EDD682 /* VideoCollectionViewCell.swift */; };
		2F18157C1FE2516E00EDD682 /* AppDataManager.swift in Sources */ = {isa = PBXBuildFile; fileRef = 2F18157B1FE2516E00EDD682 /* AppDataManager.swift */; };
		2F1815821FE2A5A800EDD682 /* MainTabBarController.m in Sources */ = {isa = PBXBuildFile; fileRef = 2F1815811FE2A5A800EDD682 /* MainTabBarController.m */; };
		2F1815871FE3C1E800EDD682 /* MyHistoryViewController.swift in Sources */ = {isa = PBXBuildFile; fileRef = 2F1815861FE3C1E800EDD682 /* MyHistoryViewController.swift */; };
		2F1815891FE3EBB300EDD682 /* recentuploadsViewController.swift in Sources */ = {isa = PBXBuildFile; fileRef = 2F1815881FE3EBB300EDD682 /* recentuploadsViewController.swift */; };
		2F18158B1FE6A0C400EDD682 /* RequestVideoViewController.swift in Sources */ = {isa = PBXBuildFile; fileRef = 2F18158A1FE6A0C400EDD682 /* RequestVideoViewController.swift */; };
		2F616BCF20174BE5001074D9 /* PlayerVideoViewController.swift in Sources */ = {isa = PBXBuildFile; fileRef = 2F616BCE20174BE5001074D9 /* PlayerVideoViewController.swift */; };
		2F616BD120174C74001074D9 /* AVFoundation.framework in Frameworks */ = {isa = PBXBuildFile; fileRef = 2F616BD020174C74001074D9 /* AVFoundation.framework */; };
		2F616BD320174C79001074D9 /* AVKit.framework in Frameworks */ = {isa = PBXBuildFile; fileRef = 2F616BD220174C79001074D9 /* AVKit.framework */; };
		2F616BD520174C84001074D9 /* VideoToolbox.framework in Frameworks */ = {isa = PBXBuildFile; fileRef = 2F616BD420174C83001074D9 /* VideoToolbox.framework */; };
		2F616BD720174C8A001074D9 /* CoreVideo.framework in Frameworks */ = {isa = PBXBuildFile; fileRef = 2F616BD620174C8A001074D9 /* CoreVideo.framework */; };
		2F616BD920174C90001074D9 /* AudioToolbox.framework in Frameworks */ = {isa = PBXBuildFile; fileRef = 2F616BD820174C90001074D9 /* AudioToolbox.framework */; };
		2F616BDB20174C96001074D9 /* CoreAudio.framework in Frameworks */ = {isa = PBXBuildFile; fileRef = 2F616BDA20174C95001074D9 /* CoreAudio.framework */; };
		2F616BDD20174C9E001074D9 /* CoreAudioKit.framework in Frameworks */ = {isa = PBXBuildFile; fileRef = 2F616BDC20174C9E001074D9 /* CoreAudioKit.framework */; };
		2F616BDF20174CA9001074D9 /* MediaPlayer.framework in Frameworks */ = {isa = PBXBuildFile; fileRef = 2F616BDE20174CA9001074D9 /* MediaPlayer.framework */; };
		2F616BF42021C920001074D9 /* MyAVPlayerViewController.swift in Sources */ = {isa = PBXBuildFile; fileRef = 2F616BF32021C920001074D9 /* MyAVPlayerViewController.swift */; };
		2F901BDE2007CB7100BC86A5 /* CachingPlayerItem.swift in Sources */ = {isa = PBXBuildFile; fileRef = 2F901BDD2007CB7100BC86A5 /* CachingPlayerItem.swift */; };
		2F939B411FD7B67D005627CF /* AppDelegate.swift in Sources */ = {isa = PBXBuildFile; fileRef = 2F939B401FD7B67D005627CF /* AppDelegate.swift */; };
		2F939B481FD7B67D005627CF /* Assets.xcassets in Resources */ = {isa = PBXBuildFile; fileRef = 2F939B471FD7B67D005627CF /* Assets.xcassets */; };
		2F939B4B1FD7B67D005627CF /* LaunchScreen.storyboard in Resources */ = {isa = PBXBuildFile; fileRef = 2F939B491FD7B67D005627CF /* LaunchScreen.storyboard */; };
		2F939B561FD7B67D005627CF /* PrivyPlayerTests.swift in Sources */ = {isa = PBXBuildFile; fileRef = 2F939B551FD7B67D005627CF /* PrivyPlayerTests.swift */; };
		2F939B611FD7B67D005627CF /* PrivyPlayerUITests.swift in Sources */ = {isa = PBXBuildFile; fileRef = 2F939B601FD7B67D005627CF /* PrivyPlayerUITests.swift */; };
		2F939B6F1FD7C224005627CF /* GoogleService-Info.plist in Resources */ = {isa = PBXBuildFile; fileRef = 2F939B6E1FD7C223005627CF /* GoogleService-Info.plist */; };
		2F9B19B82031870700AA3E14 /* ASPVideoViewController.swift in Sources */ = {isa = PBXBuildFile; fileRef = 2F9B19B72031870700AA3E14 /* ASPVideoViewController.swift */; };
		2FBA82DA2025967F00B6D08C /* MyHistoryTableViewCell.swift in Sources */ = {isa = PBXBuildFile; fileRef = 2FBA82D92025967F00B6D08C /* MyHistoryTableViewCell.swift */; };
		7A34FA87C5AE6D80B4320B85 /* Pods_PrivyPlayerTests.framework in Frameworks */ = {isa = PBXBuildFile; fileRef = 5890AB5332158A662DDA49D5 /* Pods_PrivyPlayerTests.framework */; };
		A9FE2C68C203596B4FBE0DDF /* Pods_PrivyPlayer.framework in Frameworks */ = {isa = PBXBuildFile; fileRef = 74D2C939C6075BC66BFCB33A /* Pods_PrivyPlayer.framework */; };
/* End PBXBuildFile section */

/* Begin PBXContainerItemProxy section */
		2F939B521FD7B67D005627CF /* PBXContainerItemProxy */ = {
			isa = PBXContainerItemProxy;
			containerPortal = 2F939B351FD7B67C005627CF /* Project object */;
			proxyType = 1;
			remoteGlobalIDString = 2F939B3C1FD7B67D005627CF;
			remoteInfo = PrivyPlayer;
		};
		2F939B5D1FD7B67D005627CF /* PBXContainerItemProxy */ = {
			isa = PBXContainerItemProxy;
			containerPortal = 2F939B351FD7B67C005627CF /* Project object */;
			proxyType = 1;
			remoteGlobalIDString = 2F939B3C1FD7B67D005627CF;
			remoteInfo = PrivyPlayer;
		};
/* End PBXContainerItemProxy section */

/* Begin PBXFileReference section */
		14F58BB7C28528AA7ACEA2E2 /* Pods-PrivyPlayer.debug.xcconfig */ = {isa = PBXFileReference; includeInIndex = 1; lastKnownFileType = text.xcconfig; name = "Pods-PrivyPlayer.debug.xcconfig"; path = "Pods/Target Support Files/Pods-PrivyPlayer/Pods-PrivyPlayer.debug.xcconfig"; sourceTree = "<group>"; };
		28F200A11D0476DF7ED3FFD4 /* Pods_PrivyPlayerUITests.framework */ = {isa = PBXFileReference; explicitFileType = wrapper.framework; includeInIndex = 0; path = Pods_PrivyPlayerUITests.framework; sourceTree = BUILT_PRODUCTS_DIR; };
		2F1540641FDAB69A005519EC /* Main.storyboard */ = {isa = PBXFileReference; fileEncoding = 4; lastKnownFileType = file.storyboard; path = Main.storyboard; sourceTree = "<group>"; };
		2F1540661FDE46F3005519EC /* HomeTableViewController.swift */ = {isa = PBXFileReference; lastKnownFileType = sourcecode.swift; path = HomeTableViewController.swift; sourceTree = "<group>"; };
		2F1540681FDE4790005519EC /* Helpers.swift */ = {isa = PBXFileReference; fileEncoding = 4; lastKnownFileType = sourcecode.swift; path = Helpers.swift; sourceTree = "<group>"; };
		2F15406A1FDE479B005519EC /* TableViewCell.swift */ = {isa = PBXFileReference; fileEncoding = 4; lastKnownFileType = sourcecode.swift; path = TableViewCell.swift; sourceTree = "<group>"; };
		2F15406C1FDE6AB7005519EC /* SignInViewController.swift */ = {isa = PBXFileReference; lastKnownFileType = sourcecode.swift; path = SignInViewController.swift; sourceTree = "<group>"; };
		2F15406E1FDE6ACB005519EC /* SignUpViewController.swift */ = {isa = PBXFileReference; lastKnownFileType = sourcecode.swift; path = SignUpViewController.swift; sourceTree = "<group>"; };
		2F1540701FDE6AE0005519EC /* Auth.storyboard */ = {isa = PBXFileReference; lastKnownFileType = file.storyboard; path = Auth.storyboard; sourceTree = "<group>"; };
		2F1815731FE101EC00EDD682 /* SearchViewController.swift */ = {isa = PBXFileReference; lastKnownFileType = sourcecode.swift; path = SearchViewController.swift; sourceTree = "<group>"; };
		2F1815781FE13A0D00EDD682 /* SCLAlertView.framework */ = {isa = PBXFileReference; explicitFileType = wrapper.framework; path = SCLAlertView.framework; sourceTree = BUILT_PRODUCTS_DIR; };
		2F1815791FE14A2900EDD682 /* VideoCollectionViewCell.swift */ = {isa = PBXFileReference; lastKnownFileType = sourcecode.swift; path = VideoCollectionViewCell.swift; sourceTree = "<group>"; };
		2F18157B1FE2516E00EDD682 /* AppDataManager.swift */ = {isa = PBXFileReference; lastKnownFileType = sourcecode.swift; path = AppDataManager.swift; sourceTree = "<group>"; };
		2F18157F1FE2A5A800EDD682 /* PrivyPlayer-Bridging-Header.h */ = {isa = PBXFileReference; lastKnownFileType = sourcecode.c.h; path = "PrivyPlayer-Bridging-Header.h"; sourceTree = "<group>"; };
		2F1815801FE2A5A800EDD682 /* MainTabBarController.h */ = {isa = PBXFileReference; lastKnownFileType = sourcecode.c.h; path = MainTabBarController.h; sourceTree = "<group>"; };
		2F1815811FE2A5A800EDD682 /* MainTabBarController.m */ = {isa = PBXFileReference; lastKnownFileType = sourcecode.c.objc; path = MainTabBarController.m; sourceTree = "<group>"; };
		2F1815861FE3C1E800EDD682 /* MyHistoryViewController.swift */ = {isa = PBXFileReference; lastKnownFileType = sourcecode.swift; path = MyHistoryViewController.swift; sourceTree = "<group>"; };
		2F1815881FE3EBB300EDD682 /* recentuploadsViewController.swift */ = {isa = PBXFileReference; lastKnownFileType = sourcecode.swift; path = recentuploadsViewController.swift; sourceTree = "<group>"; };
		2F18158A1FE6A0C400EDD682 /* RequestVideoViewController.swift */ = {isa = PBXFileReference; lastKnownFileType = sourcecode.swift; path = RequestVideoViewController.swift; sourceTree = "<group>"; };
		2F616BCE20174BE5001074D9 /* PlayerVideoViewController.swift */ = {isa = PBXFileReference; lastKnownFileType = sourcecode.swift; path = PlayerVideoViewController.swift; sourceTree = "<group>"; };
		2F616BD020174C74001074D9 /* AVFoundation.framework */ = {isa = PBXFileReference; lastKnownFileType = wrapper.framework; name = AVFoundation.framework; path = System/Library/Frameworks/AVFoundation.framework; sourceTree = SDKROOT; };
		2F616BD220174C79001074D9 /* AVKit.framework */ = {isa = PBXFileReference; lastKnownFileType = wrapper.framework; name = AVKit.framework; path = System/Library/Frameworks/AVKit.framework; sourceTree = SDKROOT; };
		2F616BD420174C83001074D9 /* VideoToolbox.framework */ = {isa = PBXFileReference; lastKnownFileType = wrapper.framework; name = VideoToolbox.framework; path = System/Library/Frameworks/VideoToolbox.framework; sourceTree = SDKROOT; };
		2F616BD620174C8A001074D9 /* CoreVideo.framework */ = {isa = PBXFileReference; lastKnownFileType = wrapper.framework; name = CoreVideo.framework; path = System/Library/Frameworks/CoreVideo.framework; sourceTree = SDKROOT; };
		2F616BD820174C90001074D9 /* AudioToolbox.framework */ = {isa = PBXFileReference; lastKnownFileType = wrapper.framework; name = AudioToolbox.framework; path = System/Library/Frameworks/AudioToolbox.framework; sourceTree = SDKROOT; };
		2F616BDA20174C95001074D9 /* CoreAudio.framework */ = {isa = PBXFileReference; lastKnownFileType = wrapper.framework; name = CoreAudio.framework; path = System/Library/Frameworks/CoreAudio.framework; sourceTree = SDKROOT; };
		2F616BDC20174C9E001074D9 /* CoreAudioKit.framework */ = {isa = PBXFileReference; lastKnownFileType = wrapper.framework; name = CoreAudioKit.framework; path = System/Library/Frameworks/CoreAudioKit.framework; sourceTree = SDKROOT; };
		2F616BDE20174CA9001074D9 /* MediaPlayer.framework */ = {isa = PBXFileReference; lastKnownFileType = wrapper.framework; name = MediaPlayer.framework; path = System/Library/Frameworks/MediaPlayer.framework; sourceTree = SDKROOT; };
		2F616BE820175A11001074D9 /* DTCoreText.framework */ = {isa = PBXFileReference; explicitFileType = wrapper.framework; path = DTCoreText.framework; sourceTree = BUILT_PRODUCTS_DIR; };
		2F616BE920175A11001074D9 /* DTFoundation.framework */ = {isa = PBXFileReference; explicitFileType = wrapper.framework; path = DTFoundation.framework; sourceTree = BUILT_PRODUCTS_DIR; };
		2F616BEA20175A11001074D9 /* Reachability.framework */ = {isa = PBXFileReference; explicitFileType = wrapper.framework; path = Reachability.framework; sourceTree = BUILT_PRODUCTS_DIR; };
		2F616BEB20175A11001074D9 /* VKFoundation.framework */ = {isa = PBXFileReference; explicitFileType = wrapper.framework; path = VKFoundation.framework; sourceTree = BUILT_PRODUCTS_DIR; };
		2F616BEC20175A11001074D9 /* VKVideoPlayer.framework */ = {isa = PBXFileReference; explicitFileType = wrapper.framework; path = VKVideoPlayer.framework; sourceTree = BUILT_PRODUCTS_DIR; };
		2F616BEF201763B9001074D9 /* VKFoundation.framework */ = {isa = PBXFileReference; explicitFileType = wrapper.framework; path = VKFoundation.framework; sourceTree = BUILT_PRODUCTS_DIR; };
		2F616BF0201763B9001074D9 /* VKVideoPlayer.framework */ = {isa = PBXFileReference; explicitFileType = wrapper.framework; path = VKVideoPlayer.framework; sourceTree = BUILT_PRODUCTS_DIR; };
		2F616BF32021C920001074D9 /* MyAVPlayerViewController.swift */ = {isa = PBXFileReference; lastKnownFileType = sourcecode.swift; path = MyAVPlayerViewController.swift; sourceTree = "<group>"; };
		2F901BDD2007CB7100BC86A5 /* CachingPlayerItem.swift */ = {isa = PBXFileReference; fileEncoding = 4; lastKnownFileType = sourcecode.swift; path = CachingPlayerItem.swift; sourceTree = "<group>"; };
		2F939B3D1FD7B67D005627CF /* PrivyPlayer.app */ = {isa = PBXFileReference; explicitFileType = wrapper.application; includeInIndex = 0; path = PrivyPlayer.app; sourceTree = BUILT_PRODUCTS_DIR; };
		2F939B401FD7B67D005627CF /* AppDelegate.swift */ = {isa = PBXFileReference; lastKnownFileType = sourcecode.swift; path = AppDelegate.swift; sourceTree = "<group>"; };
		2F939B471FD7B67D005627CF /* Assets.xcassets */ = {isa = PBXFileReference; lastKnownFileType = folder.assetcatalog; path = Assets.xcassets; sourceTree = "<group>"; };
		2F939B4A1FD7B67D005627CF /* Base */ = {isa = PBXFileReference; lastKnownFileType = file.storyboard; name = Base; path = Base.lproj/LaunchScreen.storyboard; sourceTree = "<group>"; };
		2F939B4C1FD7B67D005627CF /* Info.plist */ = {isa = PBXFileReference; lastKnownFileType = text.plist.xml; path = Info.plist; sourceTree = "<group>"; };
		2F939B511FD7B67D005627CF /* PrivyPlayerTests.xctest */ = {isa = PBXFileReference; explicitFileType = wrapper.cfbundle; includeInIndex = 0; path = PrivyPlayerTests.xctest; sourceTree = BUILT_PRODUCTS_DIR; };
		2F939B551FD7B67D005627CF /* PrivyPlayerTests.swift */ = {isa = PBXFileReference; lastKnownFileType = sourcecode.swift; path = PrivyPlayerTests.swift; sourceTree = "<group>"; };
		2F939B571FD7B67D005627CF /* Info.plist */ = {isa = PBXFileReference; lastKnownFileType = text.plist.xml; path = Info.plist; sourceTree = "<group>"; };
		2F939B5C1FD7B67D005627CF /* PrivyPlayerUITests.xctest */ = {isa = PBXFileReference; explicitFileType = wrapper.cfbundle; includeInIndex = 0; path = PrivyPlayerUITests.xctest; sourceTree = BUILT_PRODUCTS_DIR; };
		2F939B601FD7B67D005627CF /* PrivyPlayerUITests.swift */ = {isa = PBXFileReference; lastKnownFileType = sourcecode.swift; path = PrivyPlayerUITests.swift; sourceTree = "<group>"; };
		2F939B621FD7B67D005627CF /* Info.plist */ = {isa = PBXFileReference; lastKnownFileType = text.plist.xml; path = Info.plist; sourceTree = "<group>"; };
		2F939B6E1FD7C223005627CF /* GoogleService-Info.plist */ = {isa = PBXFileReference; fileEncoding = 4; lastKnownFileType = text.plist.xml; path = "GoogleService-Info.plist"; sourceTree = "<group>"; };
		2F939B711FD7D53E005627CF /* ASPVideoPlayer.framework */ = {isa = PBXFileReference; explicitFileType = wrapper.framework; path = ASPVideoPlayer.framework; sourceTree = BUILT_PRODUCTS_DIR; };
		2F9B19B72031870700AA3E14 /* ASPVideoViewController.swift */ = {isa = PBXFileReference; lastKnownFileType = sourcecode.swift; path = ASPVideoViewController.swift; sourceTree = "<group>"; };
		2FBA82D92025967F00B6D08C /* MyHistoryTableViewCell.swift */ = {isa = PBXFileReference; lastKnownFileType = sourcecode.swift; path = MyHistoryTableViewCell.swift; sourceTree = "<group>"; };
		5890AB5332158A662DDA49D5 /* Pods_PrivyPlayerTests.framework */ = {isa = PBXFileReference; explicitFileType = wrapper.framework; includeInIndex = 0; path = Pods_PrivyPlayerTests.framework; sourceTree = BUILT_PRODUCTS_DIR; };
		74D2C939C6075BC66BFCB33A /* Pods_PrivyPlayer.framework */ = {isa = PBXFileReference; explicitFileType = wrapper.framework; includeInIndex = 0; path = Pods_PrivyPlayer.framework; sourceTree = BUILT_PRODUCTS_DIR; };
		A2B3099AFF7FC56183664BCD /* Pods-PrivyPlayerTests.release.xcconfig */ = {isa = PBXFileReference; includeInIndex = 1; lastKnownFileType = text.xcconfig; name = "Pods-PrivyPlayerTests.release.xcconfig"; path = "Pods/Target Support Files/Pods-PrivyPlayerTests/Pods-PrivyPlayerTests.release.xcconfig"; sourceTree = "<group>"; };
		AD01F2E6450D9E9AD528CBF4 /* Pods-PrivyPlayerUITests.debug.xcconfig */ = {isa = PBXFileReference; includeInIndex = 1; lastKnownFileType = text.xcconfig; name = "Pods-PrivyPlayerUITests.debug.xcconfig"; path = "Pods/Target Support Files/Pods-PrivyPlayerUITests/Pods-PrivyPlayerUITests.debug.xcconfig"; sourceTree = "<group>"; };
		EFBCC8123EE1FB4049A580F7 /* Pods-PrivyPlayer.release.xcconfig */ = {isa = PBXFileReference; includeInIndex = 1; lastKnownFileType = text.xcconfig; name = "Pods-PrivyPlayer.release.xcconfig"; path = "Pods/Target Support Files/Pods-PrivyPlayer/Pods-PrivyPlayer.release.xcconfig"; sourceTree = "<group>"; };
		F122183999C0BA0A97AF0C4E /* Pods-PrivyPlayerUITests.release.xcconfig */ = {isa = PBXFileReference; includeInIndex = 1; lastKnownFileType = text.xcconfig; name = "Pods-PrivyPlayerUITests.release.xcconfig"; path = "Pods/Target Support Files/Pods-PrivyPlayerUITests/Pods-PrivyPlayerUITests.release.xcconfig"; sourceTree = "<group>"; };
		F2EB71DB5FFAFF16EDB5CEC9 /* Pods-PrivyPlayerTests.debug.xcconfig */ = {isa = PBXFileReference; includeInIndex = 1; lastKnownFileType = text.xcconfig; name = "Pods-PrivyPlayerTests.debug.xcconfig"; path = "Pods/Target Support Files/Pods-PrivyPlayerTests/Pods-PrivyPlayerTests.debug.xcconfig"; sourceTree = "<group>"; };
/* End PBXFileReference section */

/* Begin PBXFrameworksBuildPhase section */
		2F939B3A1FD7B67D005627CF /* Frameworks */ = {
			isa = PBXFrameworksBuildPhase;
			buildActionMask = 2147483647;
			files = (
				2F616BDF20174CA9001074D9 /* MediaPlayer.framework in Frameworks */,
				2F616BDD20174C9E001074D9 /* CoreAudioKit.framework in Frameworks */,
				2F616BDB20174C96001074D9 /* CoreAudio.framework in Frameworks */,
				2F616BD920174C90001074D9 /* AudioToolbox.framework in Frameworks */,
				2F616BD720174C8A001074D9 /* CoreVideo.framework in Frameworks */,
				2F616BD520174C84001074D9 /* VideoToolbox.framework in Frameworks */,
				2F616BD320174C79001074D9 /* AVKit.framework in Frameworks */,
				2F616BD120174C74001074D9 /* AVFoundation.framework in Frameworks */,
				2F1815771FE13A0D00EDD682 /* SCLAlertView.framework in Frameworks */,
				A9FE2C68C203596B4FBE0DDF /* Pods_PrivyPlayer.framework in Frameworks */,
			);
			runOnlyForDeploymentPostprocessing = 0;
		};
		2F939B4E1FD7B67D005627CF /* Frameworks */ = {
			isa = PBXFrameworksBuildPhase;
			buildActionMask = 2147483647;
			files = (
				7A34FA87C5AE6D80B4320B85 /* Pods_PrivyPlayerTests.framework in Frameworks */,
			);
			runOnlyForDeploymentPostprocessing = 0;
		};
		2F939B591FD7B67D005627CF /* Frameworks */ = {
			isa = PBXFrameworksBuildPhase;
			buildActionMask = 2147483647;
			files = (
				1FB5D04B33CD43263F9A1B24 /* Pods_PrivyPlayerUITests.framework in Frameworks */,
			);
			runOnlyForDeploymentPostprocessing = 0;
		};
/* End PBXFrameworksBuildPhase section */

/* Begin PBXGroup section */
		2F939B341FD7B67C005627CF = {
			isa = PBXGroup;
			children = (
				2F939B3F1FD7B67D005627CF /* PrivyPlayer */,
				2F939B541FD7B67D005627CF /* PrivyPlayerTests */,
				2F939B5F1FD7B67D005627CF /* PrivyPlayerUITests */,
				2F939B3E1FD7B67D005627CF /* Products */,
				4BDAE10AF05713AF0E0E5EB5 /* Pods */,
				3526EBB2D774961860F6AADC /* Frameworks */,
			);
			sourceTree = "<group>";
		};
		2F939B3E1FD7B67D005627CF /* Products */ = {
			isa = PBXGroup;
			children = (
				2F939B3D1FD7B67D005627CF /* PrivyPlayer.app */,
				2F939B511FD7B67D005627CF /* PrivyPlayerTests.xctest */,
				2F939B5C1FD7B67D005627CF /* PrivyPlayerUITests.xctest */,
			);
			name = Products;
			sourceTree = "<group>";
		};
		2F939B3F1FD7B67D005627CF /* PrivyPlayer */ = {
			isa = PBXGroup;
			children = (
				2F939B401FD7B67D005627CF /* AppDelegate.swift */,
				2F18157B1FE2516E00EDD682 /* AppDataManager.swift */,
				2F1540681FDE4790005519EC /* Helpers.swift */,
				2F15406A1FDE479B005519EC /* TableViewCell.swift */,
				2F1815791FE14A2900EDD682 /* VideoCollectionViewCell.swift */,
				2F1540641FDAB69A005519EC /* Main.storyboard */,
				2F1815801FE2A5A800EDD682 /* MainTabBarController.h */,
				2F1815811FE2A5A800EDD682 /* MainTabBarController.m */,
				2F15406C1FDE6AB7005519EC /* SignInViewController.swift */,
				2F15406E1FDE6ACB005519EC /* SignUpViewController.swift */,
				2F1540701FDE6AE0005519EC /* Auth.storyboard */,
				2F1540661FDE46F3005519EC /* HomeTableViewController.swift */,
				2F616BCE20174BE5001074D9 /* PlayerVideoViewController.swift */,
				2F9B19B72031870700AA3E14 /* ASPVideoViewController.swift */,
				2F616BF32021C920001074D9 /* MyAVPlayerViewController.swift */,
				2F901BDD2007CB7100BC86A5 /* CachingPlayerItem.swift */,
				2F1815731FE101EC00EDD682 /* SearchViewController.swift */,
				2F1815861FE3C1E800EDD682 /* MyHistoryViewController.swift */,
				2FBA82D92025967F00B6D08C /* MyHistoryTableViewCell.swift */,
				2F1815881FE3EBB300EDD682 /* recentuploadsViewController.swift */,
				2F18158A1FE6A0C400EDD682 /* RequestVideoViewController.swift */,
				2F939B471FD7B67D005627CF /* Assets.xcassets */,
				2F939B491FD7B67D005627CF /* LaunchScreen.storyboard */,
				2F939B4C1FD7B67D005627CF /* Info.plist */,
				2F939B6E1FD7C223005627CF /* GoogleService-Info.plist */,
				2F18157F1FE2A5A800EDD682 /* PrivyPlayer-Bridging-Header.h */,
			);
			path = PrivyPlayer;
			sourceTree = "<group>";
		};
		2F939B541FD7B67D005627CF /* PrivyPlayerTests */ = {
			isa = PBXGroup;
			children = (
				2F939B551FD7B67D005627CF /* PrivyPlayerTests.swift */,
				2F939B571FD7B67D005627CF /* Info.plist */,
			);
			path = PrivyPlayerTests;
			sourceTree = "<group>";
		};
		2F939B5F1FD7B67D005627CF /* PrivyPlayerUITests */ = {
			isa = PBXGroup;
			children = (
				2F939B601FD7B67D005627CF /* PrivyPlayerUITests.swift */,
				2F939B621FD7B67D005627CF /* Info.plist */,
			);
			path = PrivyPlayerUITests;
			sourceTree = "<group>";
		};
		3526EBB2D774961860F6AADC /* Frameworks */ = {
			isa = PBXGroup;
			children = (
				2F616BEF201763B9001074D9 /* VKFoundation.framework */,
				2F616BF0201763B9001074D9 /* VKVideoPlayer.framework */,
				2F616BE820175A11001074D9 /* DTCoreText.framework */,
				2F616BE920175A11001074D9 /* DTFoundation.framework */,
				2F616BEA20175A11001074D9 /* Reachability.framework */,
				2F616BEB20175A11001074D9 /* VKFoundation.framework */,
				2F616BEC20175A11001074D9 /* VKVideoPlayer.framework */,
				2F616BDE20174CA9001074D9 /* MediaPlayer.framework */,
				2F616BDC20174C9E001074D9 /* CoreAudioKit.framework */,
				2F616BDA20174C95001074D9 /* CoreAudio.framework */,
				2F616BD820174C90001074D9 /* AudioToolbox.framework */,
				2F616BD620174C8A001074D9 /* CoreVideo.framework */,
				2F616BD420174C83001074D9 /* VideoToolbox.framework */,
				2F616BD220174C79001074D9 /* AVKit.framework */,
				2F616BD020174C74001074D9 /* AVFoundation.framework */,
				2F1815781FE13A0D00EDD682 /* SCLAlertView.framework */,
				2F939B711FD7D53E005627CF /* ASPVideoPlayer.framework */,
				74D2C939C6075BC66BFCB33A /* Pods_PrivyPlayer.framework */,
				5890AB5332158A662DDA49D5 /* Pods_PrivyPlayerTests.framework */,
				28F200A11D0476DF7ED3FFD4 /* Pods_PrivyPlayerUITests.framework */,
			);
			name = Frameworks;
			sourceTree = "<group>";
		};
		4BDAE10AF05713AF0E0E5EB5 /* Pods */ = {
			isa = PBXGroup;
			children = (
				14F58BB7C28528AA7ACEA2E2 /* Pods-PrivyPlayer.debug.xcconfig */,
				EFBCC8123EE1FB4049A580F7 /* Pods-PrivyPlayer.release.xcconfig */,
				F2EB71DB5FFAFF16EDB5CEC9 /* Pods-PrivyPlayerTests.debug.xcconfig */,
				A2B3099AFF7FC56183664BCD /* Pods-PrivyPlayerTests.release.xcconfig */,
				AD01F2E6450D9E9AD528CBF4 /* Pods-PrivyPlayerUITests.debug.xcconfig */,
				F122183999C0BA0A97AF0C4E /* Pods-PrivyPlayerUITests.release.xcconfig */,
			);
			name = Pods;
			sourceTree = "<group>";
		};
/* End PBXGroup section */

/* Begin PBXNativeTarget section */
		2F939B3C1FD7B67D005627CF /* PrivyPlayer */ = {
			isa = PBXNativeTarget;
			buildConfigurationList = 2F939B651FD7B67D005627CF /* Build configuration list for PBXNativeTarget "PrivyPlayer" */;
			buildPhases = (
				CB6D9783C7290A9B8C9B1687 /* [CP] Check Pods Manifest.lock */,
				2F939B391FD7B67D005627CF /* Sources */,
				2F939B3A1FD7B67D005627CF /* Frameworks */,
				2F939B3B1FD7B67D005627CF /* Resources */,
				4401EFC8C7C4DAF0AAE7CEC4 /* [CP] Embed Pods Frameworks */,
				3CB65FD52E870E2FA53EB942 /* [CP] Copy Pods Resources */,
			);
			buildRules = (
			);
			dependencies = (
			);
			name = PrivyPlayer;
			productName = PrivyPlayer;
			productReference = 2F939B3D1FD7B67D005627CF /* PrivyPlayer.app */;
			productType = "com.apple.product-type.application";
		};
		2F939B501FD7B67D005627CF /* PrivyPlayerTests */ = {
			isa = PBXNativeTarget;
			buildConfigurationList = 2F939B681FD7B67D005627CF /* Build configuration list for PBXNativeTarget "PrivyPlayerTests" */;
			buildPhases = (
				D33C16D2F9237CAA6C046199 /* [CP] Check Pods Manifest.lock */,
				2F939B4D1FD7B67D005627CF /* Sources */,
				2F939B4E1FD7B67D005627CF /* Frameworks */,
				2F939B4F1FD7B67D005627CF /* Resources */,
				225E7F49F5DAD22767FEB39B /* [CP] Embed Pods Frameworks */,
				37AACEF26C4D334F3C83D2EE /* [CP] Copy Pods Resources */,
			);
			buildRules = (
			);
			dependencies = (
				2F939B531FD7B67D005627CF /* PBXTargetDependency */,
			);
			name = PrivyPlayerTests;
			productName = PrivyPlayerTests;
			productReference = 2F939B511FD7B67D005627CF /* PrivyPlayerTests.xctest */;
			productType = "com.apple.product-type.bundle.unit-test";
		};
		2F939B5B1FD7B67D005627CF /* PrivyPlayerUITests */ = {
			isa = PBXNativeTarget;
			buildConfigurationList = 2F939B6B1FD7B67D005627CF /* Build configuration list for PBXNativeTarget "PrivyPlayerUITests" */;
			buildPhases = (
				88D4EEB4AE72F8931207BD46 /* [CP] Check Pods Manifest.lock */,
				2F939B581FD7B67D005627CF /* Sources */,
				2F939B591FD7B67D005627CF /* Frameworks */,
				2F939B5A1FD7B67D005627CF /* Resources */,
				6D02CE9AFB070B93FBE33203 /* [CP] Embed Pods Frameworks */,
				40DF42CCF7A41DE468545018 /* [CP] Copy Pods Resources */,
			);
			buildRules = (
			);
			dependencies = (
				2F939B5E1FD7B67D005627CF /* PBXTargetDependency */,
			);
			name = PrivyPlayerUITests;
			productName = PrivyPlayerUITests;
			productReference = 2F939B5C1FD7B67D005627CF /* PrivyPlayerUITests.xctest */;
			productType = "com.apple.product-type.bundle.ui-testing";
		};
/* End PBXNativeTarget section */

/* Begin PBXProject section */
		2F939B351FD7B67C005627CF /* Project object */ = {
			isa = PBXProject;
			attributes = {
				LastSwiftUpdateCheck = 0910;
				LastUpgradeCheck = 0910;
				ORGANIZATIONNAME = "RSTI E-Services";
				TargetAttributes = {
					2F939B3C1FD7B67D005627CF = {
						CreatedOnToolsVersion = 9.1;
						LastSwiftMigration = 0910;
						ProvisioningStyle = Manual;
					};
					2F939B501FD7B67D005627CF = {
						CreatedOnToolsVersion = 9.1;
						ProvisioningStyle = Automatic;
						TestTargetID = 2F939B3C1FD7B67D005627CF;
					};
					2F939B5B1FD7B67D005627CF = {
						CreatedOnToolsVersion = 9.1;
						ProvisioningStyle = Automatic;
						TestTargetID = 2F939B3C1FD7B67D005627CF;
					};
				};
			};
			buildConfigurationList = 2F939B381FD7B67C005627CF /* Build configuration list for PBXProject "PrivyPlayer" */;
			compatibilityVersion = "Xcode 8.0";
			developmentRegion = en;
			hasScannedForEncodings = 0;
			knownRegions = (
				en,
				Base,
			);
			mainGroup = 2F939B341FD7B67C005627CF;
			productRefGroup = 2F939B3E1FD7B67D005627CF /* Products */;
			projectDirPath = "";
			projectRoot = "";
			targets = (
				2F939B3C1FD7B67D005627CF /* PrivyPlayer */,
				2F939B501FD7B67D005627CF /* PrivyPlayerTests */,
				2F939B5B1FD7B67D005627CF /* PrivyPlayerUITests */,
			);
		};
/* End PBXProject section */

/* Begin PBXResourcesBuildPhase section */
		2F939B3B1FD7B67D005627CF /* Resources */ = {
			isa = PBXResourcesBuildPhase;
			buildActionMask = 2147483647;
			files = (
				2F939B4B1FD7B67D005627CF /* LaunchScreen.storyboard in Resources */,
				2F939B481FD7B67D005627CF /* Assets.xcassets in Resources */,
				2F1540711FDE6AE0005519EC /* Auth.storyboard in Resources */,
				2F939B6F1FD7C224005627CF /* GoogleService-Info.plist in Resources */,
				2F1540651FDAB69A005519EC /* Main.storyboard in Resources */,
			);
			runOnlyForDeploymentPostprocessing = 0;
		};
		2F939B4F1FD7B67D005627CF /* Resources */ = {
			isa = PBXResourcesBuildPhase;
			buildActionMask = 2147483647;
			files = (
			);
			runOnlyForDeploymentPostprocessing = 0;
		};
		2F939B5A1FD7B67D005627CF /* Resources */ = {
			isa = PBXResourcesBuildPhase;
			buildActionMask = 2147483647;
			files = (
			);
			runOnlyForDeploymentPostprocessing = 0;
		};
/* End PBXResourcesBuildPhase section */

/* Begin PBXShellScriptBuildPhase section */
		225E7F49F5DAD22767FEB39B /* [CP] Embed Pods Frameworks */ = {
			isa = PBXShellScriptBuildPhase;
			buildActionMask = 2147483647;
			files = (
			);
			inputPaths = (
			);
			name = "[CP] Embed Pods Frameworks";
			outputPaths = (
			);
			runOnlyForDeploymentPostprocessing = 0;
			shellPath = /bin/sh;
			shellScript = "\"${SRCROOT}/Pods/Target Support Files/Pods-PrivyPlayerTests/Pods-PrivyPlayerTests-frameworks.sh\"\n";
			showEnvVarsInLog = 0;
		};
		37AACEF26C4D334F3C83D2EE /* [CP] Copy Pods Resources */ = {
			isa = PBXShellScriptBuildPhase;
			buildActionMask = 2147483647;
			files = (
			);
			inputPaths = (
			);
			name = "[CP] Copy Pods Resources";
			outputPaths = (
			);
			runOnlyForDeploymentPostprocessing = 0;
			shellPath = /bin/sh;
			shellScript = "\"${SRCROOT}/Pods/Target Support Files/Pods-PrivyPlayerTests/Pods-PrivyPlayerTests-resources.sh\"\n";
			showEnvVarsInLog = 0;
		};
		3CB65FD52E870E2FA53EB942 /* [CP] Copy Pods Resources */ = {
			isa = PBXShellScriptBuildPhase;
			buildActionMask = 2147483647;
			files = (
			);
			inputPaths = (
			);
			name = "[CP] Copy Pods Resources";
			outputPaths = (
			);
			runOnlyForDeploymentPostprocessing = 0;
			shellPath = /bin/sh;
			shellScript = "\"${SRCROOT}/Pods/Target Support Files/Pods-PrivyPlayer/Pods-PrivyPlayer-resources.sh\"\n";
			showEnvVarsInLog = 0;
		};
		40DF42CCF7A41DE468545018 /* [CP] Copy Pods Resources */ = {
			isa = PBXShellScriptBuildPhase;
			buildActionMask = 2147483647;
			files = (
			);
			inputPaths = (
			);
			name = "[CP] Copy Pods Resources";
			outputPaths = (
			);
			runOnlyForDeploymentPostprocessing = 0;
			shellPath = /bin/sh;
			shellScript = "\"${SRCROOT}/Pods/Target Support Files/Pods-PrivyPlayerUITests/Pods-PrivyPlayerUITests-resources.sh\"\n";
			showEnvVarsInLog = 0;
		};
		4401EFC8C7C4DAF0AAE7CEC4 /* [CP] Embed Pods Frameworks */ = {
			isa = PBXShellScriptBuildPhase;
			buildActionMask = 2147483647;
			files = (
			);
			inputPaths = (
				"${SRCROOT}/Pods/Target Support Files/Pods-PrivyPlayer/Pods-PrivyPlayer-frameworks.sh",
				"${BUILT_PRODUCTS_DIR}/ASPVideoPlayer/ASPVideoPlayer.framework",
				"${BUILT_PRODUCTS_DIR}/Alamofire/Alamofire.framework",
				"${BUILT_PRODUCTS_DIR}/SCLAlertView/SCLAlertView.framework",
				"${BUILT_PRODUCTS_DIR}/SDWebImage/SDWebImage.framework",
				"${BUILT_PRODUCTS_DIR}/SVProgressHUD/SVProgressHUD.framework",
				"${BUILT_PRODUCTS_DIR}/SideMenuController/SideMenuController.framework",
			);
			name = "[CP] Embed Pods Frameworks";
			outputPaths = (
				"${TARGET_BUILD_DIR}/${FRAMEWORKS_FOLDER_PATH}/ASPVideoPlayer.framework",
				"${TARGET_BUILD_DIR}/${FRAMEWORKS_FOLDER_PATH}/Alamofire.framework",
				"${TARGET_BUILD_DIR}/${FRAMEWORKS_FOLDER_PATH}/SCLAlertView.framework",
				"${TARGET_BUILD_DIR}/${FRAMEWORKS_FOLDER_PATH}/SDWebImage.framework",
				"${TARGET_BUILD_DIR}/${FRAMEWORKS_FOLDER_PATH}/SVProgressHUD.framework",
				"${TARGET_BUILD_DIR}/${FRAMEWORKS_FOLDER_PATH}/SideMenuController.framework",
			);
			runOnlyForDeploymentPostprocessing = 0;
			shellPath = /bin/sh;
			shellScript = "\"${SRCROOT}/Pods/Target Support Files/Pods-PrivyPlayer/Pods-PrivyPlayer-frameworks.sh\"\n";
			showEnvVarsInLog = 0;
		};
		6D02CE9AFB070B93FBE33203 /* [CP] Embed Pods Frameworks */ = {
			isa = PBXShellScriptBuildPhase;
			buildActionMask = 2147483647;
			files = (
			);
			inputPaths = (
			);
			name = "[CP] Embed Pods Frameworks";
			outputPaths = (
			);
			runOnlyForDeploymentPostprocessing = 0;
			shellPath = /bin/sh;
			shellScript = "\"${SRCROOT}/Pods/Target Support Files/Pods-PrivyPlayerUITests/Pods-PrivyPlayerUITests-frameworks.sh\"\n";
			showEnvVarsInLog = 0;
		};
		88D4EEB4AE72F8931207BD46 /* [CP] Check Pods Manifest.lock */ = {
			isa = PBXShellScriptBuildPhase;
			buildActionMask = 2147483647;
			files = (
			);
			inputPaths = (
				"${PODS_PODFILE_DIR_PATH}/Podfile.lock",
				"${PODS_ROOT}/Manifest.lock",
			);
			name = "[CP] Check Pods Manifest.lock";
			outputPaths = (
				"$(DERIVED_FILE_DIR)/Pods-PrivyPlayerUITests-checkManifestLockResult.txt",
			);
			runOnlyForDeploymentPostprocessing = 0;
			shellPath = /bin/sh;
			shellScript = "diff \"${PODS_PODFILE_DIR_PATH}/Podfile.lock\" \"${PODS_ROOT}/Manifest.lock\" > /dev/null\nif [ $? != 0 ] ; then\n    # print error to STDERR\n    echo \"error: The sandbox is not in sync with the Podfile.lock. Run 'pod install' or update your CocoaPods installation.\" >&2\n    exit 1\nfi\n# This output is used by Xcode 'outputs' to avoid re-running this script phase.\necho \"SUCCESS\" > \"${SCRIPT_OUTPUT_FILE_0}\"\n";
			showEnvVarsInLog = 0;
		};
		CB6D9783C7290A9B8C9B1687 /* [CP] Check Pods Manifest.lock */ = {
			isa = PBXShellScriptBuildPhase;
			buildActionMask = 2147483647;
			files = (
			);
			inputPaths = (
				"${PODS_PODFILE_DIR_PATH}/Podfile.lock",
				"${PODS_ROOT}/Manifest.lock",
			);
			name = "[CP] Check Pods Manifest.lock";
			outputPaths = (
				"$(DERIVED_FILE_DIR)/Pods-PrivyPlayer-checkManifestLockResult.txt",
			);
			runOnlyForDeploymentPostprocessing = 0;
			shellPath = /bin/sh;
			shellScript = "diff \"${PODS_PODFILE_DIR_PATH}/Podfile.lock\" \"${PODS_ROOT}/Manifest.lock\" > /dev/null\nif [ $? != 0 ] ; then\n    # print error to STDERR\n    echo \"error: The sandbox is not in sync with the Podfile.lock. Run 'pod install' or update your CocoaPods installation.\" >&2\n    exit 1\nfi\n# This output is used by Xcode 'outputs' to avoid re-running this script phase.\necho \"SUCCESS\" > \"${SCRIPT_OUTPUT_FILE_0}\"\n";
			showEnvVarsInLog = 0;
		};
		D33C16D2F9237CAA6C046199 /* [CP] Check Pods Manifest.lock */ = {
			isa = PBXShellScriptBuildPhase;
			buildActionMask = 2147483647;
			files = (
			);
			inputPaths = (
				"${PODS_PODFILE_DIR_PATH}/Podfile.lock",
				"${PODS_ROOT}/Manifest.lock",
			);
			name = "[CP] Check Pods Manifest.lock";
			outputPaths = (
				"$(DERIVED_FILE_DIR)/Pods-PrivyPlayerTests-checkManifestLockResult.txt",
			);
			runOnlyForDeploymentPostprocessing = 0;
			shellPath = /bin/sh;
			shellScript = "diff \"${PODS_PODFILE_DIR_PATH}/Podfile.lock\" \"${PODS_ROOT}/Manifest.lock\" > /dev/null\nif [ $? != 0 ] ; then\n    # print error to STDERR\n    echo \"error: The sandbox is not in sync with the Podfile.lock. Run 'pod install' or update your CocoaPods installation.\" >&2\n    exit 1\nfi\n# This output is used by Xcode 'outputs' to avoid re-running this script phase.\necho \"SUCCESS\" > \"${SCRIPT_OUTPUT_FILE_0}\"\n";
			showEnvVarsInLog = 0;
		};
/* End PBXShellScriptBuildPhase section */

/* Begin PBXSourcesBuildPhase section */
		2F939B391FD7B67D005627CF /* Sources */ = {
			isa = PBXSourcesBuildPhase;
			buildActionMask = 2147483647;
			files = (
				2F1815891FE3EBB300EDD682 /* recentuploadsViewController.swift in Sources */,
				2F9B19B82031870700AA3E14 /* ASPVideoViewController.swift in Sources */,
				2F15406F1FDE6ACB005519EC /* SignUpViewController.swift in Sources */,
				2F616BCF20174BE5001074D9 /* PlayerVideoViewController.swift in Sources */,
				2F1815741FE101EC00EDD682 /* SearchViewController.swift in Sources */,
				2FBA82DA2025967F00B6D08C /* MyHistoryTableViewCell.swift in Sources */,
				2F616BF42021C920001074D9 /* MyAVPlayerViewController.swift in Sources */,
				2F1540671FDE46F3005519EC /* HomeTableViewController.swift in Sources */,
				2F15406B1FDE479B005519EC /* TableViewCell.swift in Sources */,
				2F1540691FDE4790005519EC /* Helpers.swift in Sources */,
				2F15406D1FDE6AB7005519EC /* SignInViewController.swift in Sources */,
				2F1815821FE2A5A800EDD682 /* MainTabBarController.m in Sources */,
				2F18157A1FE14A2900EDD682 /* VideoCollectionViewCell.swift in Sources */,
				2F18158B1FE6A0C400EDD682 /* RequestVideoViewController.swift in Sources */,
				2F1815871FE3C1E800EDD682 /* MyHistoryViewController.swift in Sources */,
				2F901BDE2007CB7100BC86A5 /* CachingPlayerItem.swift in Sources */,
				2F939B411FD7B67D005627CF /* AppDelegate.swift in Sources */,
				2F18157C1FE2516E00EDD682 /* AppDataManager.swift in Sources */,
			);
			runOnlyForDeploymentPostprocessing = 0;
		};
		2F939B4D1FD7B67D005627CF /* Sources */ = {
			isa = PBXSourcesBuildPhase;
			buildActionMask = 2147483647;
			files = (
				2F939B561FD7B67D005627CF /* PrivyPlayerTests.swift in Sources */,
			);
			runOnlyForDeploymentPostprocessing = 0;
		};
		2F939B581FD7B67D005627CF /* Sources */ = {
			isa = PBXSourcesBuildPhase;
			buildActionMask = 2147483647;
			files = (
				2F939B611FD7B67D005627CF /* PrivyPlayerUITests.swift in Sources */,
			);
			runOnlyForDeploymentPostprocessing = 0;
		};
/* End PBXSourcesBuildPhase section */

/* Begin PBXTargetDependency section */
		2F939B531FD7B67D005627CF /* PBXTargetDependency */ = {
			isa = PBXTargetDependency;
			target = 2F939B3C1FD7B67D005627CF /* PrivyPlayer */;
			targetProxy = 2F939B521FD7B67D005627CF /* PBXContainerItemProxy */;
		};
		2F939B5E1FD7B67D005627CF /* PBXTargetDependency */ = {
			isa = PBXTargetDependency;
			target = 2F939B3C1FD7B67D005627CF /* PrivyPlayer */;
			targetProxy = 2F939B5D1FD7B67D005627CF /* PBXContainerItemProxy */;
		};
/* End PBXTargetDependency section */

/* Begin PBXVariantGroup section */
		2F939B491FD7B67D005627CF /* LaunchScreen.storyboard */ = {
			isa = PBXVariantGroup;
			children = (
				2F939B4A1FD7B67D005627CF /* Base */,
			);
			name = LaunchScreen.storyboard;
			sourceTree = "<group>";
		};
/* End PBXVariantGroup section */

/* Begin XCBuildConfiguration section */
		2F939B631FD7B67D005627CF /* Debug */ = {
			isa = XCBuildConfiguration;
			buildSettings = {
				ALWAYS_SEARCH_USER_PATHS = NO;
				CLANG_ANALYZER_NONNULL = YES;
				CLANG_ANALYZER_NUMBER_OBJECT_CONVERSION = YES_AGGRESSIVE;
				CLANG_CXX_LANGUAGE_STANDARD = "gnu++14";
				CLANG_CXX_LIBRARY = "libc++";
				CLANG_ENABLE_MODULES = YES;
				CLANG_ENABLE_OBJC_ARC = YES;
				CLANG_WARN_BLOCK_CAPTURE_AUTORELEASING = YES;
				CLANG_WARN_BOOL_CONVERSION = YES;
				CLANG_WARN_COMMA = YES;
				CLANG_WARN_CONSTANT_CONVERSION = YES;
				CLANG_WARN_DIRECT_OBJC_ISA_USAGE = YES_ERROR;
				CLANG_WARN_DOCUMENTATION_COMMENTS = YES;
				CLANG_WARN_EMPTY_BODY = YES;
				CLANG_WARN_ENUM_CONVERSION = YES;
				CLANG_WARN_INFINITE_RECURSION = YES;
				CLANG_WARN_INT_CONVERSION = YES;
				CLANG_WARN_NON_LITERAL_NULL_CONVERSION = YES;
				CLANG_WARN_OBJC_LITERAL_CONVERSION = YES;
				CLANG_WARN_OBJC_ROOT_CLASS = YES_ERROR;
				CLANG_WARN_RANGE_LOOP_ANALYSIS = YES;
				CLANG_WARN_STRICT_PROTOTYPES = YES;
				CLANG_WARN_SUSPICIOUS_MOVE = YES;
				CLANG_WARN_UNGUARDED_AVAILABILITY = YES_AGGRESSIVE;
				CLANG_WARN_UNREACHABLE_CODE = YES;
				CLANG_WARN__DUPLICATE_METHOD_MATCH = YES;
				CODE_SIGN_IDENTITY = "iPhone Developer";
				COPY_PHASE_STRIP = NO;
				DEBUG_INFORMATION_FORMAT = dwarf;
				ENABLE_STRICT_OBJC_MSGSEND = YES;
				ENABLE_TESTABILITY = YES;
				GCC_C_LANGUAGE_STANDARD = gnu11;
				GCC_DYNAMIC_NO_PIC = NO;
				GCC_NO_COMMON_BLOCKS = YES;
				GCC_OPTIMIZATION_LEVEL = 0;
				GCC_PREPROCESSOR_DEFINITIONS = (
					"DEBUG=1",
					"$(inherited)",
				);
				GCC_WARN_64_TO_32_BIT_CONVERSION = YES;
				GCC_WARN_ABOUT_RETURN_TYPE = YES_ERROR;
				GCC_WARN_UNDECLARED_SELECTOR = YES;
				GCC_WARN_UNINITIALIZED_AUTOS = YES_AGGRESSIVE;
				GCC_WARN_UNUSED_FUNCTION = YES;
				GCC_WARN_UNUSED_VARIABLE = YES;
				IPHONEOS_DEPLOYMENT_TARGET = 11.1;
				MTL_ENABLE_DEBUG_INFO = YES;
				ONLY_ACTIVE_ARCH = YES;
				SDKROOT = iphoneos;
				SWIFT_ACTIVE_COMPILATION_CONDITIONS = DEBUG;
				SWIFT_OPTIMIZATION_LEVEL = "-Onone";
				SWIFT_VERSION = 3.0;
			};
			name = Debug;
		};
		2F939B641FD7B67D005627CF /* Release */ = {
			isa = XCBuildConfiguration;
			buildSettings = {
				ALWAYS_SEARCH_USER_PATHS = NO;
				CLANG_ANALYZER_NONNULL = YES;
				CLANG_ANALYZER_NUMBER_OBJECT_CONVERSION = YES_AGGRESSIVE;
				CLANG_CXX_LANGUAGE_STANDARD = "gnu++14";
				CLANG_CXX_LIBRARY = "libc++";
				CLANG_ENABLE_MODULES = YES;
				CLANG_ENABLE_OBJC_ARC = YES;
				CLANG_WARN_BLOCK_CAPTURE_AUTORELEASING = YES;
				CLANG_WARN_BOOL_CONVERSION = YES;
				CLANG_WARN_COMMA = YES;
				CLANG_WARN_CONSTANT_CONVERSION = YES;
				CLANG_WARN_DIRECT_OBJC_ISA_USAGE = YES_ERROR;
				CLANG_WARN_DOCUMENTATION_COMMENTS = YES;
				CLANG_WARN_EMPTY_BODY = YES;
				CLANG_WARN_ENUM_CONVERSION = YES;
				CLANG_WARN_INFINITE_RECURSION = YES;
				CLANG_WARN_INT_CONVERSION = YES;
				CLANG_WARN_NON_LITERAL_NULL_CONVERSION = YES;
				CLANG_WARN_OBJC_LITERAL_CONVERSION = YES;
				CLANG_WARN_OBJC_ROOT_CLASS = YES_ERROR;
				CLANG_WARN_RANGE_LOOP_ANALYSIS = YES;
				CLANG_WARN_STRICT_PROTOTYPES = YES;
				CLANG_WARN_SUSPICIOUS_MOVE = YES;
				CLANG_WARN_UNGUARDED_AVAILABILITY = YES_AGGRESSIVE;
				CLANG_WARN_UNREACHABLE_CODE = YES;
				CLANG_WARN__DUPLICATE_METHOD_MATCH = YES;
				CODE_SIGN_IDENTITY = "iPhone Developer";
				COPY_PHASE_STRIP = NO;
				DEBUG_INFORMATION_FORMAT = "dwarf-with-dsym";
				ENABLE_NS_ASSERTIONS = NO;
				ENABLE_STRICT_OBJC_MSGSEND = YES;
				GCC_C_LANGUAGE_STANDARD = gnu11;
				GCC_NO_COMMON_BLOCKS = YES;
				GCC_WARN_64_TO_32_BIT_CONVERSION = YES;
				GCC_WARN_ABOUT_RETURN_TYPE = YES_ERROR;
				GCC_WARN_UNDECLARED_SELECTOR = YES;
				GCC_WARN_UNINITIALIZED_AUTOS = YES_AGGRESSIVE;
				GCC_WARN_UNUSED_FUNCTION = YES;
				GCC_WARN_UNUSED_VARIABLE = YES;
				IPHONEOS_DEPLOYMENT_TARGET = 11.1;
				MTL_ENABLE_DEBUG_INFO = NO;
				SDKROOT = iphoneos;
				SWIFT_OPTIMIZATION_LEVEL = "-Owholemodule";
				SWIFT_VERSION = 3.0;
				VALIDATE_PRODUCT = YES;
			};
			name = Release;
		};
		2F939B661FD7B67D005627CF /* Debug */ = {
			isa = XCBuildConfiguration;
			baseConfigurationReference = 14F58BB7C28528AA7ACEA2E2 /* Pods-PrivyPlayer.debug.xcconfig */;
			buildSettings = {
				ASSETCATALOG_COMPILER_APPICON_NAME = AppIcon;
				CLANG_ENABLE_MODULES = YES;
				"CODE_SIGN_IDENTITY[sdk=iphoneos*]" = "iPhone Developer";
				CODE_SIGN_STYLE = Manual;
				DEVELOPMENT_TEAM = 32FNS63J4U;
				INFOPLIST_FILE = PrivyPlayer/Info.plist;
				IPHONEOS_DEPLOYMENT_TARGET = 9.0;
				LD_RUNPATH_SEARCH_PATHS = "$(inherited) @executable_path/Frameworks";
				PRODUCT_BUNDLE_IDENTIFIER = international.rst.com.gig.gs;
				PRODUCT_NAME = "$(TARGET_NAME)";
				PROVISIONING_PROFILE = "e1d55b69-58e8-493a-baa3-ab748f641806";
				PROVISIONING_PROFILE_SPECIFIER = development;
				SWIFT_OBJC_BRIDGING_HEADER = "PrivyPlayer/PrivyPlayer-Bridging-Header.h";
				SWIFT_OPTIMIZATION_LEVEL = "-Onone";
				SWIFT_VERSION = 3.0;
				TARGETED_DEVICE_FAMILY = 1;
			};
			name = Debug;
		};
		2F939B671FD7B67D005627CF /* Release */ = {
			isa = XCBuildConfiguration;
			baseConfigurationReference = EFBCC8123EE1FB4049A580F7 /* Pods-PrivyPlayer.release.xcconfig */;
			buildSettings = {
				ASSETCATALOG_COMPILER_APPICON_NAME = AppIcon;
				CLANG_ENABLE_MODULES = YES;
				"CODE_SIGN_IDENTITY[sdk=iphoneos*]" = "iPhone Distribution";
				CODE_SIGN_STYLE = Manual;
				DEVELOPMENT_TEAM = 32FNS63J4U;
				INFOPLIST_FILE = PrivyPlayer/Info.plist;
				IPHONEOS_DEPLOYMENT_TARGET = 9.0;
				LD_RUNPATH_SEARCH_PATHS = "$(inherited) @executable_path/Frameworks";
				PRODUCT_BUNDLE_IDENTIFIER = international.rst.com.gig.gs;
				PRODUCT_NAME = "$(TARGET_NAME)";
				PROVISIONING_PROFILE = "86d55052-19fc-4529-9c27-075da3b32db5";
				PROVISIONING_PROFILE_SPECIFIER = "App Store Distribution";
				SWIFT_OBJC_BRIDGING_HEADER = "PrivyPlayer/PrivyPlayer-Bridging-Header.h";
				SWIFT_VERSION = 3.0;
				TARGETED_DEVICE_FAMILY = 1;
			};
			name = Release;
		};
		2F939B691FD7B67D005627CF /* Debug */ = {
			isa = XCBuildConfiguration;
			baseConfigurationReference = F2EB71DB5FFAFF16EDB5CEC9 /* Pods-PrivyPlayerTests.debug.xcconfig */;
			buildSettings = {
				ALWAYS_EMBED_SWIFT_STANDARD_LIBRARIES = YES;
				BUNDLE_LOADER = "$(TEST_HOST)";
				CODE_SIGN_STYLE = Automatic;
				DEVELOPMENT_TEAM = XVB5V247FL;
				INFOPLIST_FILE = PrivyPlayerTests/Info.plist;
				LD_RUNPATH_SEARCH_PATHS = "$(inherited) @executable_path/Frameworks @loader_path/Frameworks";
				PRODUCT_BUNDLE_IDENTIFIER = international.rst.com.rstsimplified.PrivyPlayerTests;
				PRODUCT_NAME = "$(TARGET_NAME)";
				SWIFT_VERSION = 4.0;
				TARGETED_DEVICE_FAMILY = "1,2";
				TEST_HOST = "$(BUILT_PRODUCTS_DIR)/PrivyPlayer.app/PrivyPlayer";
			};
			name = Debug;
		};
		2F939B6A1FD7B67D005627CF /* Release */ = {
			isa = XCBuildConfiguration;
			baseConfigurationReference = A2B3099AFF7FC56183664BCD /* Pods-PrivyPlayerTests.release.xcconfig */;
			buildSettings = {
				ALWAYS_EMBED_SWIFT_STANDARD_LIBRARIES = YES;
				BUNDLE_LOADER = "$(TEST_HOST)";
				CODE_SIGN_STYLE = Automatic;
				DEVELOPMENT_TEAM = XVB5V247FL;
				INFOPLIST_FILE = PrivyPlayerTests/Info.plist;
				LD_RUNPATH_SEARCH_PATHS = "$(inherited) @executable_path/Frameworks @loader_path/Frameworks";
				PRODUCT_BUNDLE_IDENTIFIER = international.rst.com.rstsimplified.PrivyPlayerTests;
				PRODUCT_NAME = "$(TARGET_NAME)";
				SWIFT_VERSION = 4.0;
				TARGETED_DEVICE_FAMILY = "1,2";
				TEST_HOST = "$(BUILT_PRODUCTS_DIR)/PrivyPlayer.app/PrivyPlayer";
			};
			name = Release;
		};
		2F939B6C1FD7B67D005627CF /* Debug */ = {
			isa = XCBuildConfiguration;
			baseConfigurationReference = AD01F2E6450D9E9AD528CBF4 /* Pods-PrivyPlayerUITests.debug.xcconfig */;
			buildSettings = {
				ALWAYS_EMBED_SWIFT_STANDARD_LIBRARIES = YES;
				CODE_SIGN_STYLE = Automatic;
				DEVELOPMENT_TEAM = XVB5V247FL;
				INFOPLIST_FILE = PrivyPlayerUITests/Info.plist;
				LD_RUNPATH_SEARCH_PATHS = "$(inherited) @executable_path/Frameworks @loader_path/Frameworks";
				PRODUCT_BUNDLE_IDENTIFIER = international.rst.com.rstsimplified.PrivyPlayerUITests;
				PRODUCT_NAME = "$(TARGET_NAME)";
				SWIFT_VERSION = 4.0;
				TARGETED_DEVICE_FAMILY = "1,2";
				TEST_TARGET_NAME = PrivyPlayer;
			};
			name = Debug;
		};
		2F939B6D1FD7B67D005627CF /* Release */ = {
			isa = XCBuildConfiguration;
			baseConfigurationReference = F122183999C0BA0A97AF0C4E /* Pods-PrivyPlayerUITests.release.xcconfig */;
			buildSettings = {
				ALWAYS_EMBED_SWIFT_STANDARD_LIBRARIES = YES;
				CODE_SIGN_STYLE = Automatic;
				DEVELOPMENT_TEAM = XVB5V247FL;
				INFOPLIST_FILE = PrivyPlayerUITests/Info.plist;
				LD_RUNPATH_SEARCH_PATHS = "$(inherited) @executable_path/Frameworks @loader_path/Frameworks";
				PRODUCT_BUNDLE_IDENTIFIER = international.rst.com.rstsimplified.PrivyPlayerUITests;
				PRODUCT_NAME = "$(TARGET_NAME)";
				SWIFT_VERSION = 4.0;
				TARGETED_DEVICE_FAMILY = "1,2";
				TEST_TARGET_NAME = PrivyPlayer;
			};
			name = Release;
		};
/* End XCBuildConfiguration section */

/* Begin XCConfigurationList section */
		2F939B381FD7B67C005627CF /* Build configuration list for PBXProject "PrivyPlayer" */ = {
			isa = XCConfigurationList;
			buildConfigurations = (
				2F939B631FD7B67D005627CF /* Debug */,
				2F939B641FD7B67D005627CF /* Release */,
			);
			defaultConfigurationIsVisible = 0;
			defaultConfigurationName = Release;
		};
		2F939B651FD7B67D005627CF /* Build configuration list for PBXNativeTarget "PrivyPlayer" */ = {
			isa = XCConfigurationList;
			buildConfigurations = (
				2F939B661FD7B67D005627CF /* Debug */,
				2F939B671FD7B67D005627CF /* Release */,
			);
			defaultConfigurationIsVisible = 0;
			defaultConfigurationName = Release;
		};
		2F939B681FD7B67D005627CF /* Build configuration list for PBXNativeTarget "PrivyPlayerTests" */ = {
			isa = XCConfigurationList;
			buildConfigurations = (
				2F939B691FD7B67D005627CF /* Debug */,
				2F939B6A1FD7B67D005627CF /* Release */,
			);
			defaultConfigurationIsVisible = 0;
			defaultConfigurationName = Release;
		};
		2F939B6B1FD7B67D005627CF /* Build configuration list for PBXNativeTarget "PrivyPlayerUITests" */ = {
			isa = XCConfigurationList;
			buildConfigurations = (
				2F939B6C1FD7B67D005627CF /* Debug */,
				2F939B6D1FD7B67D005627CF /* Release */,
			);
			defaultConfigurationIsVisible = 0;
			defaultConfigurationName = Release;
		};
/* End XCConfigurationList section */
	};
	rootObject = 2F939B351FD7B67C005627CF /* Project object */;
}
